# This file is automatically @generated by Cargo.
# It is not intended for manual editing.
version = 4

[[package]]
name = "japi"
version = "0.1.0"
source = "git+https://github.com/KojoBailey/japi-wrapper-rs.git#e8aab20e8a1a08ec0adb1e0a7d857aee895072da"

[[package]]
name = "japi-merging-plugin"
version = "0.1.0"
dependencies = [
 "japi",
]
