# This file is automatically @generated by Cargo.
# It is not intended for manual editing.
version = 4

[[package]]
name = "japi"
version = "0.1.0"
source = "git+https://github.com/KojoBailey/japi-wrapper-rs.git#1b39fbd1332ff5fde193b32761b6f0c0f8a55e2c"

[[package]]
name = "japi-merging-plugin"
version = "0.1.0"
dependencies = [
 "japi",
]
